
Microsoft Visual Studio Solution File, Format Version 12.00
# Visual Studio Version 17
VisualStudioVersion = 17.3.32929.385
MinimumVisualStudioVersion = 10.0.40219.1
Project("{FAE04EC0-301F-11D3-BF4B-00C04F79EFBC}") = "StacksAndQueues", "StacksAndQueues.csproj", "{ECAC13DC-FB9D-4A98-8419-8B6DD0A99BEF}"
EndProject
Global
	GlobalSection(SolutionConfigurationPlatforms) = preSolution
		Debug|Any CPU = Debug|Any CPU
		Release|Any CPU = Release|Any CPU
	EndGlobalSection
	GlobalSection(ProjectConfigurationPlatforms) = postSolution
		{ECAC13DC-FB9D-4A98-8419-8B6DD0A99BEF}.Debug|Any CPU.ActiveCfg = Debug|Any CPU
		{ECAC13DC-FB9D-4A98-8419-8B6DD0A99BEF}.Debug|Any CPU.Build.0 = Debug|Any CPU
		{ECAC13DC-FB9D-4A98-8419-8B6DD0A99BEF}.Release|Any CPU.ActiveCfg = Release|Any CPU
		{ECAC13DC-FB9D-4A98-8419-8B6DD0A99BEF}.Release|Any CPU.Build.0 = Release|Any CPU
	EndGlobalSection
	GlobalSection(SolutionProperties) = preSolution
		HideSolutionNode = FALSE
	EndGlobalSection
	GlobalSection(ExtensibilityGlobals) = postSolution
		SolutionGuid = {A4BDF171-8DEC-43C8-BFCB-AB19B7594E29}
	EndGlobalSection
EndGlobal
